
Microsoft Visual Studio Solution File, Format Version 12.00
# Visual Studio Version 16
VisualStudioVersion = 16.0.31229.75
MinimumVisualStudioVersion = 10.0.40219.1
Project("{FAE04EC0-301F-11D3-BF4B-00C04F79EFBC}") = "RegistrodePrestamos", "RegistrodePrestamos.csproj", "{47F960B6-AE96-4981-9DF3-064DF1E8B397}"
EndProject
Project("{FAE04EC0-301F-11D3-BF4B-00C04F79EFBC}") = "RegistrodePrestamosTests", "..\RegistrodePrestamosTests\RegistrodePrestamosTests.csproj", "{F0F49ABF-2D6A-485E-89DD-6A3199B71800}"
EndProject
Global
	GlobalSection(SolutionConfigurationPlatforms) = preSolution
		Debug|Any CPU = Debug|Any CPU
		Release|Any CPU = Release|Any CPU
	EndGlobalSection
	GlobalSection(ProjectConfigurationPlatforms) = postSolution
		{47F960B6-AE96-4981-9DF3-064DF1E8B397}.Debug|Any CPU.ActiveCfg = Debug|Any CPU
		{47F960B6-AE96-4981-9DF3-064DF1E8B397}.Debug|Any CPU.Build.0 = Debug|Any CPU
		{47F960B6-AE96-4981-9DF3-064DF1E8B397}.Release|Any CPU.ActiveCfg = Release|Any CPU
		{47F960B6-AE96-4981-9DF3-064DF1E8B397}.Release|Any CPU.Build.0 = Release|Any CPU
		{F0F49ABF-2D6A-485E-89DD-6A3199B71800}.Debug|Any CPU.ActiveCfg = Debug|Any CPU
		{F0F49ABF-2D6A-485E-89DD-6A3199B71800}.Debug|Any CPU.Build.0 = Debug|Any CPU
		{F0F49ABF-2D6A-485E-89DD-6A3199B71800}.Release|Any CPU.ActiveCfg = Release|Any CPU
		{F0F49ABF-2D6A-485E-89DD-6A3199B71800}.Release|Any CPU.Build.0 = Release|Any CPU
	EndGlobalSection
	GlobalSection(SolutionProperties) = preSolution
		HideSolutionNode = FALSE
	EndGlobalSection
	GlobalSection(ExtensibilityGlobals) = postSolution
		SolutionGuid = {B10A566F-AC19-46F2-9019-45FB24D2EF5C}
	EndGlobalSection
EndGlobal
